// !$*UTF8*$!
{
	archiveVersion = 1;
	classes = {
	};
	objectVersion = 55;
	objects = {

/* Begin PBXBuildFile section */
		FA4947272938E1B500C83269 /* bundle_display_name_localization_ios15App.swift in Sources */ = {isa = PBXBuildFile; fileRef = FA4947262938E1B500C83269 /* bundle_display_name_localization_ios15App.swift */; };
		FA4947292938E1B500C83269 /* ContentView.swift in Sources */ = {isa = PBXBuildFile; fileRef = FA4947282938E1B500C83269 /* ContentView.swift */; };
		FA49472B2938E1B700C83269 /* Assets.xcassets in Resources */ = {isa = PBXBuildFile; fileRef = FA49472A2938E1B700C83269 /* Assets.xcassets */; };
		FA49472E2938E1B700C83269 /* Preview Assets.xcassets in Resources */ = {isa = PBXBuildFile; fileRef = FA49472D2938E1B700C83269 /* Preview Assets.xcassets */; };
		FA4947382938E1B700C83269 /* bundle_display_name_localization_ios15Tests.swift in Sources */ = {isa = PBXBuildFile; fileRef = FA4947372938E1B700C83269 /* bundle_display_name_localization_ios15Tests.swift */; };
		FA4947422938E1B700C83269 /* bundle_display_name_localization_ios15UITests.swift in Sources */ = {isa = PBXBuildFile; fileRef = FA4947412938E1B700C83269 /* bundle_display_name_localization_ios15UITests.swift */; };
		FA4947442938E1B700C83269 /* bundle_display_name_localization_ios15UITestsLaunchTests.swift in Sources */ = {isa = PBXBuildFile; fileRef = FA4947432938E1B700C83269 /* bundle_display_name_localization_ios15UITestsLaunchTests.swift */; };
		FA4947582938E46300C83269 /* InfoPlist.strings in Resources */ = {isa = PBXBuildFile; fileRef = FA49475A2938E46300C83269 /* InfoPlist.strings */; };
/* End PBXBuildFile section */

/* Begin PBXContainerItemProxy section */
		FA4947342938E1B700C83269 /* PBXContainerItemProxy */ = {
			isa = PBXContainerItemProxy;
			containerPortal = FA49471B2938E1B500C83269 /* Project object */;
			proxyType = 1;
			remoteGlobalIDString = FA4947222938E1B500C83269;
			remoteInfo = "bundle-display-name-localization-ios15";
		};
		FA49473E2938E1B700C83269 /* PBXContainerItemProxy */ = {
			isa = PBXContainerItemProxy;
			containerPortal = FA49471B2938E1B500C83269 /* Project object */;
			proxyType = 1;
			remoteGlobalIDString = FA4947222938E1B500C83269;
			remoteInfo = "bundle-display-name-localization-ios15";
		};
/* End PBXContainerItemProxy section */

/* Begin PBXFileReference section */
		FA4947232938E1B500C83269 /* bundle-display-name-localization-ios15.app */ = {isa = PBXFileReference; explicitFileType = wrapper.application; includeInIndex = 0; path = "bundle-display-name-localization-ios15.app"; sourceTree = BUILT_PRODUCTS_DIR; };
		FA4947262938E1B500C83269 /* bundle_display_name_localization_ios15App.swift */ = {isa = PBXFileReference; lastKnownFileType = sourcecode.swift; path = bundle_display_name_localization_ios15App.swift; sourceTree = "<group>"; };
		FA4947282938E1B500C83269 /* ContentView.swift */ = {isa = PBXFileReference; lastKnownFileType = sourcecode.swift; path = ContentView.swift; sourceTree = "<group>"; };
		FA49472A2938E1B700C83269 /* Assets.xcassets */ = {isa = PBXFileReference; lastKnownFileType = folder.assetcatalog; path = Assets.xcassets; sourceTree = "<group>"; };
		FA49472D2938E1B700C83269 /* Preview Assets.xcassets */ = {isa = PBXFileReference; lastKnownFileType = folder.assetcatalog; path = "Preview Assets.xcassets"; sourceTree = "<group>"; };
		FA4947332938E1B700C83269 /* bundle-display-name-localization-ios15Tests.xctest */ = {isa = PBXFileReference; explicitFileType = wrapper.cfbundle; includeInIndex = 0; path = "bundle-display-name-localization-ios15Tests.xctest"; sourceTree = BUILT_PRODUCTS_DIR; };
		FA4947372938E1B700C83269 /* bundle_display_name_localization_ios15Tests.swift */ = {isa = PBXFileReference; lastKnownFileType = sourcecode.swift; path = bundle_display_name_localization_ios15Tests.swift; sourceTree = "<group>"; };
		FA49473D2938E1B700C83269 /* bundle-display-name-localization-ios15UITests.xctest */ = {isa = PBXFileReference; explicitFileType = wrapper.cfbundle; includeInIndex = 0; path = "bundle-display-name-localization-ios15UITests.xctest"; sourceTree = BUILT_PRODUCTS_DIR; };
		FA4947412938E1B700C83269 /* bundle_display_name_localization_ios15UITests.swift */ = {isa = PBXFileReference; lastKnownFileType = sourcecode.swift; path = bundle_display_name_localization_ios15UITests.swift; sourceTree = "<group>"; };
		FA4947432938E1B700C83269 /* bundle_display_name_localization_ios15UITestsLaunchTests.swift */ = {isa = PBXFileReference; lastKnownFileType = sourcecode.swift; path = bundle_display_name_localization_ios15UITestsLaunchTests.swift; sourceTree = "<group>"; };
		FA49475D2938E75F00C83269 /* en */ = {isa = PBXFileReference; lastKnownFileType = text.plist.strings; name = en; path = en.lproj/InfoPlist.strings; sourceTree = "<group>"; };
		FA49475E2938E9CE00C83269 /* uk */ = {isa = PBXFileReference; lastKnownFileType = text.plist.strings; name = uk; path = uk.lproj/InfoPlist.strings; sourceTree = "<group>"; };
/* End PBXFileReference section */

/* Begin PBXFrameworksBuildPhase section */
		FA4947202938E1B500C83269 /* Frameworks */ = {
			isa = PBXFrameworksBuildPhase;
			buildActionMask = 2147483647;
			files = (
			);
			runOnlyForDeploymentPostprocessing = 0;
		};
		FA4947302938E1B700C83269 /* Frameworks */ = {
			isa = PBXFrameworksBuildPhase;
			buildActionMask = 2147483647;
			files = (
			);
			runOnlyForDeploymentPostprocessing = 0;
		};
		FA49473A2938E1B700C83269 /* Frameworks */ = {
			isa = PBXFrameworksBuildPhase;
			buildActionMask = 2147483647;
			files = (
			);
			runOnlyForDeploymentPostprocessing = 0;
		};
/* End PBXFrameworksBuildPhase section */

/* Begin PBXGroup section */
		FA49471A2938E1B500C83269 = {
			isa = PBXGroup;
			children = (
				FA4947252938E1B500C83269 /* bundle-display-name-localization-ios15 */,
				FA4947362938E1B700C83269 /* bundle-display-name-localization-ios15Tests */,
				FA4947402938E1B700C83269 /* bundle-display-name-localization-ios15UITests */,
				FA4947242938E1B500C83269 /* Products */,
			);
			sourceTree = "<group>";
		};
		FA4947242938E1B500C83269 /* Products */ = {
			isa = PBXGroup;
			children = (
				FA4947232938E1B500C83269 /* bundle-display-name-localization-ios15.app */,
				FA4947332938E1B700C83269 /* bundle-display-name-localization-ios15Tests.xctest */,
				FA49473D2938E1B700C83269 /* bundle-display-name-localization-ios15UITests.xctest */,
			);
			name = Products;
			sourceTree = "<group>";
		};
		FA4947252938E1B500C83269 /* bundle-display-name-localization-ios15 */ = {
			isa = PBXGroup;
			children = (
				FA49475A2938E46300C83269 /* InfoPlist.strings */,
				FA4947262938E1B500C83269 /* bundle_display_name_localization_ios15App.swift */,
				FA4947282938E1B500C83269 /* ContentView.swift */,
				FA49472A2938E1B700C83269 /* Assets.xcassets */,
				FA49472C2938E1B700C83269 /* Preview Content */,
			);
			path = "bundle-display-name-localization-ios15";
			sourceTree = "<group>";
		};
		FA49472C2938E1B700C83269 /* Preview Content */ = {
			isa = PBXGroup;
			children = (
				FA49472D2938E1B700C83269 /* Preview Assets.xcassets */,
			);
			path = "Preview Content";
			sourceTree = "<group>";
		};
		FA4947362938E1B700C83269 /* bundle-display-name-localization-ios15Tests */ = {
			isa = PBXGroup;
			children = (
				FA4947372938E1B700C83269 /* bundle_display_name_localization_ios15Tests.swift */,
			);
			path = "bundle-display-name-localization-ios15Tests";
			sourceTree = "<group>";
		};
		FA4947402938E1B700C83269 /* bundle-display-name-localization-ios15UITests */ = {
			isa = PBXGroup;
			children = (
				FA4947412938E1B700C83269 /* bundle_display_name_localization_ios15UITests.swift */,
				FA4947432938E1B700C83269 /* bundle_display_name_localization_ios15UITestsLaunchTests.swift */,
			);
			path = "bundle-display-name-localization-ios15UITests";
			sourceTree = "<group>";
		};
/* End PBXGroup section */

/* Begin PBXNativeTarget section */
		FA4947222938E1B500C83269 /* bundle-display-name-localization-ios15 */ = {
			isa = PBXNativeTarget;
			buildConfigurationList = FA4947472938E1B700C83269 /* Build configuration list for PBXNativeTarget "bundle-display-name-localization-ios15" */;
			buildPhases = (
				FA49471F2938E1B500C83269 /* Sources */,
				FA4947202938E1B500C83269 /* Frameworks */,
				FA4947212938E1B500C83269 /* Resources */,
			);
			buildRules = (
			);
			dependencies = (
			);
			name = "bundle-display-name-localization-ios15";
			productName = "bundle-display-name-localization-ios15";
			productReference = FA4947232938E1B500C83269 /* bundle-display-name-localization-ios15.app */;
			productType = "com.apple.product-type.application";
		};
		FA4947322938E1B700C83269 /* bundle-display-name-localization-ios15Tests */ = {
			isa = PBXNativeTarget;
			buildConfigurationList = FA49474A2938E1B700C83269 /* Build configuration list for PBXNativeTarget "bundle-display-name-localization-ios15Tests" */;
			buildPhases = (
				FA49472F2938E1B700C83269 /* Sources */,
				FA4947302938E1B700C83269 /* Frameworks */,
				FA4947312938E1B700C83269 /* Resources */,
			);
			buildRules = (
			);
			dependencies = (
				FA4947352938E1B700C83269 /* PBXTargetDependency */,
			);
			name = "bundle-display-name-localization-ios15Tests";
			productName = "bundle-display-name-localization-ios15Tests";
			productReference = FA4947332938E1B700C83269 /* bundle-display-name-localization-ios15Tests.xctest */;
			productType = "com.apple.product-type.bundle.unit-test";
		};
		FA49473C2938E1B700C83269 /* bundle-display-name-localization-ios15UITests */ = {
			isa = PBXNativeTarget;
			buildConfigurationList = FA49474D2938E1B700C83269 /* Build configuration list for PBXNativeTarget "bundle-display-name-localization-ios15UITests" */;
			buildPhases = (
				FA4947392938E1B700C83269 /* Sources */,
				FA49473A2938E1B700C83269 /* Frameworks */,
				FA49473B2938E1B700C83269 /* Resources */,
			);
			buildRules = (
			);
			dependencies = (
				FA49473F2938E1B700C83269 /* PBXTargetDependency */,
			);
			name = "bundle-display-name-localization-ios15UITests";
			productName = "bundle-display-name-localization-ios15UITests";
			productReference = FA49473D2938E1B700C83269 /* bundle-display-name-localization-ios15UITests.xctest */;
			productType = "com.apple.product-type.bundle.ui-testing";
		};
/* End PBXNativeTarget section */

/* Begin PBXProject section */
		FA49471B2938E1B500C83269 /* Project object */ = {
			isa = PBXProject;
			attributes = {
				BuildIndependentTargetsInParallel = 1;
				LastSwiftUpdateCheck = 1340;
				LastUpgradeCheck = 1340;
				TargetAttributes = {
					FA4947222938E1B500C83269 = {
						CreatedOnToolsVersion = 13.4.1;
					};
					FA4947322938E1B700C83269 = {
						CreatedOnToolsVersion = 13.4.1;
						TestTargetID = FA4947222938E1B500C83269;
					};
					FA49473C2938E1B700C83269 = {
						CreatedOnToolsVersion = 13.4.1;
						TestTargetID = FA4947222938E1B500C83269;
					};
				};
			};
			buildConfigurationList = FA49471E2938E1B500C83269 /* Build configuration list for PBXProject "bundle-display-name-localization-ios15" */;
			compatibilityVersion = "Xcode 13.0";
			developmentRegion = en;
			hasScannedForEncodings = 0;
			knownRegions = (
				Base,
				en,
				uk,
			);
			mainGroup = FA49471A2938E1B500C83269;
			productRefGroup = FA4947242938E1B500C83269 /* Products */;
			projectDirPath = "";
			projectRoot = "";
			targets = (
				FA4947222938E1B500C83269 /* bundle-display-name-localization-ios15 */,
				FA4947322938E1B700C83269 /* bundle-display-name-localization-ios15Tests */,
				FA49473C2938E1B700C83269 /* bundle-display-name-localization-ios15UITests */,
			);
		};
/* End PBXProject section */

/* Begin PBXResourcesBuildPhase section */
		FA4947212938E1B500C83269 /* Resources */ = {
			isa = PBXResourcesBuildPhase;
			buildActionMask = 2147483647;
			files = (
				FA49472E2938E1B700C83269 /* Preview Assets.xcassets in Resources */,
				FA4947582938E46300C83269 /* InfoPlist.strings in Resources */,
				FA49472B2938E1B700C83269 /* Assets.xcassets in Resources */,
			);
			runOnlyForDeploymentPostprocessing = 0;
		};
		FA4947312938E1B700C83269 /* Resources */ = {
			isa = PBXResourcesBuildPhase;
			buildActionMask = 2147483647;
			files = (
			);
			runOnlyForDeploymentPostprocessing = 0;
		};
		FA49473B2938E1B700C83269 /* Resources */ = {
			isa = PBXResourcesBuildPhase;
			buildActionMask = 2147483647;
			files = (
			);
			runOnlyForDeploymentPostprocessing = 0;
		};
/* End PBXResourcesBuildPhase section */

/* Begin PBXSourcesBuildPhase section */
		FA49471F2938E1B500C83269 /* Sources */ = {
			isa = PBXSourcesBuildPhase;
			buildActionMask = 2147483647;
			files = (
				FA4947292938E1B500C83269 /* ContentView.swift in Sources */,
				FA4947272938E1B500C83269 /* bundle_display_name_localization_ios15App.swift in Sources */,
			);
			runOnlyForDeploymentPostprocessing = 0;
		};
		FA49472F2938E1B700C83269 /* Sources */ = {
			isa = PBXSourcesBuildPhase;
			buildActionMask = 2147483647;
			files = (
				FA4947382938E1B700C83269 /* bundle_display_name_localization_ios15Tests.swift in Sources */,
			);
			runOnlyForDeploymentPostprocessing = 0;
		};
		FA4947392938E1B700C83269 /* Sources */ = {
			isa = PBXSourcesBuildPhase;
			buildActionMask = 2147483647;
			files = (
				FA4947422938E1B700C83269 /* bundle_display_name_localization_ios15UITests.swift in Sources */,
				FA4947442938E1B700C83269 /* bundle_display_name_localization_ios15UITestsLaunchTests.swift in Sources */,
			);
			runOnlyForDeploymentPostprocessing = 0;
		};
/* End PBXSourcesBuildPhase section */

/* Begin PBXTargetDependency section */
		FA4947352938E1B700C83269 /* PBXTargetDependency */ = {
			isa = PBXTargetDependency;
			target = FA4947222938E1B500C83269 /* bundle-display-name-localization-ios15 */;
			targetProxy = FA4947342938E1B700C83269 /* PBXContainerItemProxy */;
		};
		FA49473F2938E1B700C83269 /* PBXTargetDependency */ = {
			isa = PBXTargetDependency;
			target = FA4947222938E1B500C83269 /* bundle-display-name-localization-ios15 */;
			targetProxy = FA49473E2938E1B700C83269 /* PBXContainerItemProxy */;
		};
/* End PBXTargetDependency section */

/* Begin PBXVariantGroup section */
		FA49475A2938E46300C83269 /* InfoPlist.strings */ = {
			isa = PBXVariantGroup;
			children = (
				FA49475D2938E75F00C83269 /* en */,
				FA49475E2938E9CE00C83269 /* uk */,
			);
			name = InfoPlist.strings;
			sourceTree = "<group>";
		};
/* End PBXVariantGroup section */

/* Begin XCBuildConfiguration section */
		FA4947452938E1B700C83269 /* Debug */ = {
			isa = XCBuildConfiguration;
			buildSettings = {
				ALWAYS_SEARCH_USER_PATHS = NO;
				CLANG_ANALYZER_LOCALIZABILITY_NONLOCALIZED = YES;
				CLANG_ANALYZER_NONNULL = YES;
				CLANG_ANALYZER_NUMBER_OBJECT_CONVERSION = YES_AGGRESSIVE;
				CLANG_CXX_LANGUAGE_STANDARD = "gnu++17";
				CLANG_ENABLE_MODULES = YES;
				CLANG_ENABLE_OBJC_ARC = YES;
				CLANG_ENABLE_OBJC_WEAK = YES;
				CLANG_WARN_BLOCK_CAPTURE_AUTORELEASING = YES;
				CLANG_WARN_BOOL_CONVERSION = YES;
				CLANG_WARN_COMMA = YES;
				CLANG_WARN_CONSTANT_CONVERSION = YES;
				CLANG_WARN_DEPRECATED_OBJC_IMPLEMENTATIONS = YES;
				CLANG_WARN_DIRECT_OBJC_ISA_USAGE = YES_ERROR;
				CLANG_WARN_DOCUMENTATION_COMMENTS = YES;
				CLANG_WARN_EMPTY_BODY = YES;
				CLANG_WARN_ENUM_CONVERSION = YES;
				CLANG_WARN_INFINITE_RECURSION = YES;
				CLANG_WARN_INT_CONVERSION = YES;
				CLANG_WARN_NON_LITERAL_NULL_CONVERSION = YES;
				CLANG_WARN_OBJC_IMPLICIT_RETAIN_SELF = YES;
				CLANG_WARN_OBJC_LITERAL_CONVERSION = YES;
				CLANG_WARN_OBJC_ROOT_CLASS = YES_ERROR;
				CLANG_WARN_QUOTED_INCLUDE_IN_FRAMEWORK_HEADER = YES;
				CLANG_WARN_RANGE_LOOP_ANALYSIS = YES;
				CLANG_WARN_STRICT_PROTOTYPES = YES;
				CLANG_WARN_SUSPICIOUS_MOVE = YES;
				CLANG_WARN_UNGUARDED_AVAILABILITY = YES_AGGRESSIVE;
				CLANG_WARN_UNREACHABLE_CODE = YES;
				CLANG_WARN__DUPLICATE_METHOD_MATCH = YES;
				COPY_PHASE_STRIP = NO;
				DEBUG_INFORMATION_FORMAT = dwarf;
				ENABLE_STRICT_OBJC_MSGSEND = YES;
				ENABLE_TESTABILITY = YES;
				GCC_C_LANGUAGE_STANDARD = gnu11;
				GCC_DYNAMIC_NO_PIC = NO;
				GCC_NO_COMMON_BLOCKS = YES;
				GCC_OPTIMIZATION_LEVEL = 0;
				GCC_PREPROCESSOR_DEFINITIONS = (
					"DEBUG=1",
					"$(inherited)",
				);
				GCC_WARN_64_TO_32_BIT_CONVERSION = YES;
				GCC_WARN_ABOUT_RETURN_TYPE = YES_ERROR;
				GCC_WARN_UNDECLARED_SELECTOR = YES;
				GCC_WARN_UNINITIALIZED_AUTOS = YES_AGGRESSIVE;
				GCC_WARN_UNUSED_FUNCTION = YES;
				GCC_WARN_UNUSED_VARIABLE = YES;
				IPHONEOS_DEPLOYMENT_TARGET = 15.5;
				MTL_ENABLE_DEBUG_INFO = INCLUDE_SOURCE;
				MTL_FAST_MATH = YES;
				ONLY_ACTIVE_ARCH = YES;
				SDKROOT = iphoneos;
				SWIFT_ACTIVE_COMPILATION_CONDITIONS = DEBUG;
				SWIFT_OPTIMIZATION_LEVEL = "-Onone";
			};
			name = Debug;
		};
		FA4947462938E1B700C83269 /* Release */ = {
			isa = XCBuildConfiguration;
			buildSettings = {
				ALWAYS_SEARCH_USER_PATHS = NO;
				CLANG_ANALYZER_LOCALIZABILITY_NONLOCALIZED = YES;
				CLANG_ANALYZER_NONNULL = YES;
				CLANG_ANALYZER_NUMBER_OBJECT_CONVERSION = YES_AGGRESSIVE;
				CLANG_CXX_LANGUAGE_STANDARD = "gnu++17";
				CLANG_ENABLE_MODULES = YES;
				CLANG_ENABLE_OBJC_ARC = YES;
				CLANG_ENABLE_OBJC_WEAK = YES;
				CLANG_WARN_BLOCK_CAPTURE_AUTORELEASING = YES;
				CLANG_WARN_BOOL_CONVERSION = YES;
				CLANG_WARN_COMMA = YES;
				CLANG_WARN_CONSTANT_CONVERSION = YES;
				CLANG_WARN_DEPRECATED_OBJC_IMPLEMENTATIONS = YES;
				CLANG_WARN_DIRECT_OBJC_ISA_USAGE = YES_ERROR;
				CLANG_WARN_DOCUMENTATION_COMMENTS = YES;
				CLANG_WARN_EMPTY_BODY = YES;
				CLANG_WARN_ENUM_CONVERSION = YES;
				CLANG_WARN_INFINITE_RECURSION = YES;
				CLANG_WARN_INT_CONVERSION = YES;
				CLANG_WARN_NON_LITERAL_NULL_CONVERSION = YES;
				CLANG_WARN_OBJC_IMPLICIT_RETAIN_SELF = YES;
				CLANG_WARN_OBJC_LITERAL_CONVERSION = YES;
				CLANG_WARN_OBJC_ROOT_CLASS = YES_ERROR;
				CLANG_WARN_QUOTED_INCLUDE_IN_FRAMEWORK_HEADER = YES;
				CLANG_WARN_RANGE_LOOP_ANALYSIS = YES;
				CLANG_WARN_STRICT_PROTOTYPES = YES;
				CLANG_WARN_SUSPICIOUS_MOVE = YES;
				CLANG_WARN_UNGUARDED_AVAILABILITY = YES_AGGRESSIVE;
				CLANG_WARN_UNREACHABLE_CODE = YES;
				CLANG_WARN__DUPLICATE_METHOD_MATCH = YES;
				COPY_PHASE_STRIP = NO;
				DEBUG_INFORMATION_FORMAT = "dwarf-with-dsym";
				ENABLE_NS_ASSERTIONS = NO;
				ENABLE_STRICT_OBJC_MSGSEND = YES;
				GCC_C_LANGUAGE_STANDARD = gnu11;
				GCC_NO_COMMON_BLOCKS = YES;
				GCC_WARN_64_TO_32_BIT_CONVERSION = YES;
				GCC_WARN_ABOUT_RETURN_TYPE = YES_ERROR;
				GCC_WARN_UNDECLARED_SELECTOR = YES;
				GCC_WARN_UNINITIALIZED_AUTOS = YES_AGGRESSIVE;
				GCC_WARN_UNUSED_FUNCTION = YES;
				GCC_WARN_UNUSED_VARIABLE = YES;
				IPHONEOS_DEPLOYMENT_TARGET = 15.5;
				MTL_ENABLE_DEBUG_INFO = NO;
				MTL_FAST_MATH = YES;
				SDKROOT = iphoneos;
				SWIFT_COMPILATION_MODE = wholemodule;
				SWIFT_OPTIMIZATION_LEVEL = "-O";
				VALIDATE_PRODUCT = YES;
			};
			name = Release;
		};
		FA4947482938E1B700C83269 /* Debug */ = {
			isa = XCBuildConfiguration;
			buildSettings = {
				ASSETCATALOG_COMPILER_APPICON_NAME = AppIcon;
				ASSETCATALOG_COMPILER_GLOBAL_ACCENT_COLOR_NAME = AccentColor;
				CODE_SIGN_STYLE = Automatic;
				CURRENT_PROJECT_VERSION = 1;
				DEVELOPMENT_ASSET_PATHS = "\"bundle-display-name-localization-ios15/Preview Content\"";
				DEVELOPMENT_TEAM = 4MQ8U74VYC;
				ENABLE_PREVIEWS = YES;
				GENERATE_INFOPLIST_FILE = YES;
				INFOPLIST_FILE = "bundle-display-name-localization-ios15/Info.plist";
				INFOPLIST_KEY_CFBundleDisplayName = "Ukrainian (default)";
				INFOPLIST_KEY_LSApplicationCategoryType = "";
				INFOPLIST_KEY_UIApplicationSceneManifest_Generation = YES;
				INFOPLIST_KEY_UIApplicationSupportsIndirectInputEvents = YES;
				INFOPLIST_KEY_UILaunchScreen_Generation = YES;
				INFOPLIST_KEY_UISupportedInterfaceOrientations_iPad = "UIInterfaceOrientationPortrait UIInterfaceOrientationPortraitUpsideDown UIInterfaceOrientationLandscapeLeft UIInterfaceOrientationLandscapeRight";
				INFOPLIST_KEY_UISupportedInterfaceOrientations_iPhone = "UIInterfaceOrientationPortrait UIInterfaceOrientationLandscapeLeft UIInterfaceOrientationLandscapeRight";
				LD_RUNPATH_SEARCH_PATHS = (
					"$(inherited)",
					"@executable_path/Frameworks",
				);
				MARKETING_VERSION = 1.0;
				PRODUCT_BUNDLE_IDENTIFIER = "test.local.bundle-display-name-localization-ios15";
				PRODUCT_NAME = "$(TARGET_NAME)";
				SWIFT_EMIT_LOC_STRINGS = YES;
				SWIFT_VERSION = 5.0;
				TARGETED_DEVICE_FAMILY = "1,2";
			};
			name = Debug;
		};
		FA4947492938E1B700C83269 /* Release */ = {
			isa = XCBuildConfiguration;
			buildSettings = {
				ASSETCATALOG_COMPILER_APPICON_NAME = AppIcon;
				ASSETCATALOG_COMPILER_GLOBAL_ACCENT_COLOR_NAME = AccentColor;
				CODE_SIGN_STYLE = Automatic;
				CURRENT_PROJECT_VERSION = 1;
				DEVELOPMENT_ASSET_PATHS = "\"bundle-display-name-localization-ios15/Preview Content\"";
				DEVELOPMENT_TEAM = 4MQ8U74VYC;
				ENABLE_PREVIEWS = YES;
				GENERATE_INFOPLIST_FILE = YES;
				INFOPLIST_FILE = "bundle-display-name-localization-ios15/Info.plist";
				INFOPLIST_KEY_CFBundleDisplayName = "Ukrainian (default)";
				INFOPLIST_KEY_LSApplicationCategoryType = "";
				INFOPLIST_KEY_UIApplicationSceneManifest_Generation = YES;
				INFOPLIST_KEY_UIApplicationSupportsIndirectInputEvents = YES;
				INFOPLIST_KEY_UILaunchScreen_Generation = YES;
				INFOPLIST_KEY_UISupportedInterfaceOrientations_iPad = "UIInterfaceOrientationPortrait UIInterfaceOrientationPortraitUpsideDown UIInterfaceOrientationLandscapeLeft UIInterfaceOrientationLandscapeRight";
				INFOPLIST_KEY_UISupportedInterfaceOrientations_iPhone = "UIInterfaceOrientationPortrait UIInterfaceOrientationLandscapeLeft UIInterfaceOrientationLandscapeRight";
				LD_RUNPATH_SEARCH_PATHS = (
					"$(inherited)",
					"@executable_path/Frameworks",
				);
				MARKETING_VERSION = 1.0;
				PRODUCT_BUNDLE_IDENTIFIER = "test.local.bundle-display-name-localization-ios15";
				PRODUCT_NAME = "$(TARGET_NAME)";
				SWIFT_EMIT_LOC_STRINGS = YES;
				SWIFT_VERSION = 5.0;
				TARGETED_DEVICE_FAMILY = "1,2";
			};
			name = Release;
		};
		FA49474B2938E1B700C83269 /* Debug */ = {
			isa = XCBuildConfiguration;
			buildSettings = {
				ALWAYS_EMBED_SWIFT_STANDARD_LIBRARIES = YES;
				BUNDLE_LOADER = "$(TEST_HOST)";
				CODE_SIGN_STYLE = Automatic;
				CURRENT_PROJECT_VERSION = 1;
				DEVELOPMENT_TEAM = 4MQ8U74VYC;
				GENERATE_INFOPLIST_FILE = YES;
				IPHONEOS_DEPLOYMENT_TARGET = 15.5;
				MARKETING_VERSION = 1.0;
				PRODUCT_BUNDLE_IDENTIFIER = "test.local.bundle-display-name-localization-ios15Tests";
				PRODUCT_NAME = "$(TARGET_NAME)";
				SWIFT_EMIT_LOC_STRINGS = NO;
				SWIFT_VERSION = 5.0;
				TARGETED_DEVICE_FAMILY = "1,2";
				TEST_HOST = "$(BUILT_PRODUCTS_DIR)/bundle-display-name-localization-ios15.app/bundle-display-name-localization-ios15";
			};
			name = Debug;
		};
		FA49474C2938E1B700C83269 /* Release */ = {
			isa = XCBuildConfiguration;
			buildSettings = {
				ALWAYS_EMBED_SWIFT_STANDARD_LIBRARIES = YES;
				BUNDLE_LOADER = "$(TEST_HOST)";
				CODE_SIGN_STYLE = Automatic;
				CURRENT_PROJECT_VERSION = 1;
				DEVELOPMENT_TEAM = 4MQ8U74VYC;
				GENERATE_INFOPLIST_FILE = YES;
				IPHONEOS_DEPLOYMENT_TARGET = 15.5;
				MARKETING_VERSION = 1.0;
				PRODUCT_BUNDLE_IDENTIFIER = "test.local.bundle-display-name-localization-ios15Tests";
				PRODUCT_NAME = "$(TARGET_NAME)";
				SWIFT_EMIT_LOC_STRINGS = NO;
				SWIFT_VERSION = 5.0;
				TARGETED_DEVICE_FAMILY = "1,2";
				TEST_HOST = "$(BUILT_PRODUCTS_DIR)/bundle-display-name-localization-ios15.app/bundle-display-name-localization-ios15";
			};
			name = Release;
		};
		FA49474E2938E1B700C83269 /* Debug */ = {
			isa = XCBuildConfiguration;
			buildSettings = {
				ALWAYS_EMBED_SWIFT_STANDARD_LIBRARIES = YES;
				CODE_SIGN_STYLE = Automatic;
				CURRENT_PROJECT_VERSION = 1;
				DEVELOPMENT_TEAM = 4MQ8U74VYC;
				GENERATE_INFOPLIST_FILE = YES;
				MARKETING_VERSION = 1.0;
				PRODUCT_BUNDLE_IDENTIFIER = "test.local.bundle-display-name-localization-ios15UITests";
				PRODUCT_NAME = "$(TARGET_NAME)";
				SWIFT_EMIT_LOC_STRINGS = NO;
				SWIFT_VERSION = 5.0;
				TARGETED_DEVICE_FAMILY = "1,2";
				TEST_TARGET_NAME = "bundle-display-name-localization-ios15";
			};
			name = Debug;
		};
		FA49474F2938E1B700C83269 /* Release */ = {
			isa = XCBuildConfiguration;
			buildSettings = {
				ALWAYS_EMBED_SWIFT_STANDARD_LIBRARIES = YES;
				CODE_SIGN_STYLE = Automatic;
				CURRENT_PROJECT_VERSION = 1;
				DEVELOPMENT_TEAM = 4MQ8U74VYC;
				GENERATE_INFOPLIST_FILE = YES;
				MARKETING_VERSION = 1.0;
				PRODUCT_BUNDLE_IDENTIFIER = "test.local.bundle-display-name-localization-ios15UITests";
				PRODUCT_NAME = "$(TARGET_NAME)";
				SWIFT_EMIT_LOC_STRINGS = NO;
				SWIFT_VERSION = 5.0;
				TARGETED_DEVICE_FAMILY = "1,2";
				TEST_TARGET_NAME = "bundle-display-name-localization-ios15";
			};
			name = Release;
		};
/* End XCBuildConfiguration section */

/* Begin XCConfigurationList section */
		FA49471E2938E1B500C83269 /* Build configuration list for PBXProject "bundle-display-name-localization-ios15" */ = {
			isa = XCConfigurationList;
			buildConfigurations = (
				FA4947452938E1B700C83269 /* Debug */,
				FA4947462938E1B700C83269 /* Release */,
			);
			defaultConfigurationIsVisible = 0;
			defaultConfigurationName = Release;
		};
		FA4947472938E1B700C83269 /* Build configuration list for PBXNativeTarget "bundle-display-name-localization-ios15" */ = {
			isa = XCConfigurationList;
			buildConfigurations = (
				FA4947482938E1B700C83269 /* Debug */,
				FA4947492938E1B700C83269 /* Release */,
			);
			defaultConfigurationIsVisible = 0;
			defaultConfigurationName = Release;
		};
		FA49474A2938E1B700C83269 /* Build configuration list for PBXNativeTarget "bundle-display-name-localization-ios15Tests" */ = {
			isa = XCConfigurationList;
			buildConfigurations = (
				FA49474B2938E1B700C83269 /* Debug */,
				FA49474C2938E1B700C83269 /* Release */,
			);
			defaultConfigurationIsVisible = 0;
			defaultConfigurationName = Release;
		};
		FA49474D2938E1B700C83269 /* Build configuration list for PBXNativeTarget "bundle-display-name-localization-ios15UITests" */ = {
			isa = XCConfigurationList;
			buildConfigurations = (
				FA49474E2938E1B700C83269 /* Debug */,
				FA49474F2938E1B700C83269 /* Release */,
			);
			defaultConfigurationIsVisible = 0;
			defaultConfigurationName = Release;
		};
/* End XCConfigurationList section */
	};
	rootObject = FA49471B2938E1B500C83269 /* Project object */;
}
